
Microsoft Visual Studio Solution File, Format Version 12.00
# Visual Studio Version 17
VisualStudioVersion = 17.13.35931.197 d17.13
MinimumVisualStudioVersion = 10.0.40219.1
Project("{FAE04EC0-301F-11D3-BF4B-00C04F79EFBC}") = "asm", "asm\asm.csproj", "{B833447A-D520-4D16-B55D-0DE3205F6660}"
EndProject
Global
	GlobalSection(SolutionConfigurationPlatforms) = preSolution
		Debug|Any CPU = Debug|Any CPU
		Release|Any CPU = Release|Any CPU
	EndGlobalSection
	GlobalSection(ProjectConfigurationPlatforms) = postSolution
		{B833447A-D520-4D16-B55D-0DE3205F6660}.Debug|Any CPU.ActiveCfg = Debug|Any CPU
		{B833447A-D520-4D16-B55D-0DE3205F6660}.Debug|Any CPU.Build.0 = Debug|Any CPU
		{B833447A-D520-4D16-B55D-0DE3205F6660}.Release|Any CPU.ActiveCfg = Release|Any CPU
		{B833447A-D520-4D16-B55D-0DE3205F6660}.Release|Any CPU.Build.0 = Release|Any CPU
	EndGlobalSection
	GlobalSection(SolutionProperties) = preSolution
		HideSolutionNode = FALSE
	EndGlobalSection
	GlobalSection(ExtensibilityGlobals) = postSolution
		SolutionGuid = {18B4C8C8-1D6F-403C-8777-AE7901BDE5C7}
	EndGlobalSection
EndGlobal
